// !$*UTF8*$!
{
	archiveVersion = 1;
	classes = {
	};
	objectVersion = 50;
	objects = {

/* Begin PBXBuildFile section */
		ACD0E3CF2891B36C008BE1CB /* AppDelegate.swift in Sources */ = {isa = PBXBuildFile; fileRef = ACD0E3CE2891B36C008BE1CB /* AppDelegate.swift */; };
		ACD0E3D12891B36C008BE1CB /* SceneDelegate.swift in Sources */ = {isa = PBXBuildFile; fileRef = ACD0E3D02891B36C008BE1CB /* SceneDelegate.swift */; };
		ACD0E3D32891B36C008BE1CB /* ViewController.swift in Sources */ = {isa = PBXBuildFile; fileRef = ACD0E3D22891B36C008BE1CB /* ViewController.swift */; };
		ACD0E3D62891B36C008BE1CB /* Main.storyboard in Resources */ = {isa = PBXBuildFile; fileRef = ACD0E3D42891B36C008BE1CB /* Main.storyboard */; };
		ACD0E3D82891B376008BE1CB /* Assets.xcassets in Resources */ = {isa = PBXBuildFile; fileRef = ACD0E3D72891B376008BE1CB /* Assets.xcassets */; };
		ACD0E3DB2891B376008BE1CB /* LaunchScreen.storyboard in Resources */ = {isa = PBXBuildFile; fileRef = ACD0E3D92891B376008BE1CB /* LaunchScreen.storyboard */; };
/* End PBXBuildFile section */

/* Begin PBXFileReference section */
		ACD0E3CB2891B36C008BE1CB /* R&M.app */ = {isa = PBXFileReference; explicitFileType = wrapper.application; includeInIndex = 0; path = "R&M.app"; sourceTree = BUILT_PRODUCTS_DIR; };
		ACD0E3CE2891B36C008BE1CB /* AppDelegate.swift */ = {isa = PBXFileReference; lastKnownFileType = sourcecode.swift; path = AppDelegate.swift; sourceTree = "<group>"; };
		ACD0E3D02891B36C008BE1CB /* SceneDelegate.swift */ = {isa = PBXFileReference; lastKnownFileType = sourcecode.swift; path = SceneDelegate.swift; sourceTree = "<group>"; };
		ACD0E3D22891B36C008BE1CB /* ViewController.swift */ = {isa = PBXFileReference; lastKnownFileType = sourcecode.swift; path = ViewController.swift; sourceTree = "<group>"; };
		ACD0E3D52891B36C008BE1CB /* Base */ = {isa = PBXFileReference; lastKnownFileType = file.storyboard; name = Base; path = Base.lproj/Main.storyboard; sourceTree = "<group>"; };
		ACD0E3D72891B376008BE1CB /* Assets.xcassets */ = {isa = PBXFileReference; lastKnownFileType = folder.assetcatalog; path = Assets.xcassets; sourceTree = "<group>"; };
		ACD0E3DA2891B376008BE1CB /* Base */ = {isa = PBXFileReference; lastKnownFileType = file.storyboard; name = Base; path = Base.lproj/LaunchScreen.storyboard; sourceTree = "<group>"; };
		ACD0E3DC2891B376008BE1CB /* Info.plist */ = {isa = PBXFileReference; lastKnownFileType = text.plist.xml; path = Info.plist; sourceTree = "<group>"; };
/* End PBXFileReference section */

/* Begin PBXFrameworksBuildPhase section */
		ACD0E3C82891B36C008BE1CB /* Frameworks */ = {
			isa = PBXFrameworksBuildPhase;
			buildActionMask = 2147483647;
			files = (
			);
			runOnlyForDeploymentPostprocessing = 0;
		};
/* End PBXFrameworksBuildPhase section */

/* Begin PBXGroup section */
		ACD0E3C22891B36C008BE1CB = {
			isa = PBXGroup;
			children = (
				ACD0E3CD2891B36C008BE1CB /* R&M */,
				ACD0E3CC2891B36C008BE1CB /* Products */,
			);
			sourceTree = "<group>";
		};
		ACD0E3CC2891B36C008BE1CB /* Products */ = {
			isa = PBXGroup;
			children = (
				ACD0E3CB2891B36C008BE1CB /* R&M.app */,
			);
			name = Products;
			sourceTree = "<group>";
		};
		ACD0E3CD2891B36C008BE1CB /* R&M */ = {
			isa = PBXGroup;
			children = (
				ACD0E3E528952B44008BE1CB /* Models */,
				ACD0E3E628952B63008BE1CB /* ViewControllers */,
				ACD0E3CE2891B36C008BE1CB /* AppDelegate.swift */,
				ACD0E3D02891B36C008BE1CB /* SceneDelegate.swift */,
				ACD0E3D42891B36C008BE1CB /* Main.storyboard */,
				ACD0E3D92891B376008BE1CB /* LaunchScreen.storyboard */,
				ACD0E3D72891B376008BE1CB /* Assets.xcassets */,
				ACD0E3DC2891B376008BE1CB /* Info.plist */,
			);
			path = "R&M";
			sourceTree = "<group>";
		};
		ACD0E3E528952B44008BE1CB /* Models */ = {
			isa = PBXGroup;
			children = (
			);
			path = Models;
			sourceTree = "<group>";
		};
		ACD0E3E628952B63008BE1CB /* ViewControllers */ = {
			isa = PBXGroup;
			children = (
				ACD0E3D22891B36C008BE1CB /* ViewController.swift */,
			);
			path = ViewControllers;
			sourceTree = "<group>";
		};
/* End PBXGroup section */

/* Begin PBXNativeTarget section */
		ACD0E3CA2891B36C008BE1CB /* R&M */ = {
			isa = PBXNativeTarget;
			buildConfigurationList = ACD0E3DF2891B376008BE1CB /* Build configuration list for PBXNativeTarget "R&M" */;
			buildPhases = (
				ACD0E3C72891B36C008BE1CB /* Sources */,
				ACD0E3C82891B36C008BE1CB /* Frameworks */,
				ACD0E3C92891B36C008BE1CB /* Resources */,
			);
			buildRules = (
			);
			dependencies = (
			);
			name = "R&M";
			productName = "R&M";
			productReference = ACD0E3CB2891B36C008BE1CB /* R&M.app */;
			productType = "com.apple.product-type.application";
		};
/* End PBXNativeTarget section */

/* Begin PBXProject section */
		ACD0E3C32891B36C008BE1CB /* Project object */ = {
			isa = PBXProject;
			attributes = {
				LastSwiftUpdateCheck = 1240;
				LastUpgradeCheck = 1240;
				TargetAttributes = {
					ACD0E3CA2891B36C008BE1CB = {
						CreatedOnToolsVersion = 12.4;
					};
				};
			};
			buildConfigurationList = ACD0E3C62891B36C008BE1CB /* Build configuration list for PBXProject "R&M" */;
			compatibilityVersion = "Xcode 9.3";
			developmentRegion = en;
			hasScannedForEncodings = 0;
			knownRegions = (
				en,
				Base,
			);
			mainGroup = ACD0E3C22891B36C008BE1CB;
			productRefGroup = ACD0E3CC2891B36C008BE1CB /* Products */;
			projectDirPath = "";
			projectRoot = "";
			targets = (
				ACD0E3CA2891B36C008BE1CB /* R&M */,
			);
		};
/* End PBXProject section */

/* Begin PBXResourcesBuildPhase section */
		ACD0E3C92891B36C008BE1CB /* Resources */ = {
			isa = PBXResourcesBuildPhase;
			buildActionMask = 2147483647;
			files = (
				ACD0E3DB2891B376008BE1CB /* LaunchScreen.storyboard in Resources */,
				ACD0E3D82891B376008BE1CB /* Assets.xcassets in Resources */,
				ACD0E3D62891B36C008BE1CB /* Main.storyboard in Resources */,
			);
			runOnlyForDeploymentPostprocessing = 0;
		};
/* End PBXResourcesBuildPhase section */

/* Begin PBXSourcesBuildPhase section */
		ACD0E3C72891B36C008BE1CB /* Sources */ = {
			isa = PBXSourcesBuildPhase;
			buildActionMask = 2147483647;
			files = (
				ACD0E3D32891B36C008BE1CB /* ViewController.swift in Sources */,
				ACD0E3CF2891B36C008BE1CB /* AppDelegate.swift in Sources */,
				ACD0E3D12891B36C008BE1CB /* SceneDelegate.swift in Sources */,
			);
			runOnlyForDeploymentPostprocessing = 0;
		};
/* End PBXSourcesBuildPhase section */

/* Begin PBXVariantGroup section */
		ACD0E3D42891B36C008BE1CB /* Main.storyboard */ = {
			isa = PBXVariantGroup;
			children = (
				ACD0E3D52891B36C008BE1CB /* Base */,
			);
			name = Main.storyboard;
			sourceTree = "<group>";
		};
		ACD0E3D92891B376008BE1CB /* LaunchScreen.storyboard */ = {
			isa = PBXVariantGroup;
			children = (
				ACD0E3DA2891B376008BE1CB /* Base */,
			);
			name = LaunchScreen.storyboard;
			sourceTree = "<group>";
		};
/* End PBXVariantGroup section */

/* Begin XCBuildConfiguration section */
		ACD0E3DD2891B376008BE1CB /* Debug */ = {
			isa = XCBuildConfiguration;
			buildSettings = {
				ALWAYS_SEARCH_USER_PATHS = NO;
				CLANG_ANALYZER_NONNULL = YES;
				CLANG_ANALYZER_NUMBER_OBJECT_CONVERSION = YES_AGGRESSIVE;
				CLANG_CXX_LANGUAGE_STANDARD = "gnu++14";
				CLANG_CXX_LIBRARY = "libc++";
				CLANG_ENABLE_MODULES = YES;
				CLANG_ENABLE_OBJC_ARC = YES;
				CLANG_ENABLE_OBJC_WEAK = YES;
				CLANG_WARN_BLOCK_CAPTURE_AUTORELEASING = YES;
				CLANG_WARN_BOOL_CONVERSION = YES;
				CLANG_WARN_COMMA = YES;
				CLANG_WARN_CONSTANT_CONVERSION = YES;
				CLANG_WARN_DEPRECATED_OBJC_IMPLEMENTATIONS = YES;
				CLANG_WARN_DIRECT_OBJC_ISA_USAGE = YES_ERROR;
				CLANG_WARN_DOCUMENTATION_COMMENTS = YES;
				CLANG_WARN_EMPTY_BODY = YES;
				CLANG_WARN_ENUM_CONVERSION = YES;
				CLANG_WARN_INFINITE_RECURSION = YES;
				CLANG_WARN_INT_CONVERSION = YES;
				CLANG_WARN_NON_LITERAL_NULL_CONVERSION = YES;
				CLANG_WARN_OBJC_IMPLICIT_RETAIN_SELF = YES;
				CLANG_WARN_OBJC_LITERAL_CONVERSION = YES;
				CLANG_WARN_OBJC_ROOT_CLASS = YES_ERROR;
				CLANG_WARN_QUOTED_INCLUDE_IN_FRAMEWORK_HEADER = YES;
				CLANG_WARN_RANGE_LOOP_ANALYSIS = YES;
				CLANG_WARN_STRICT_PROTOTYPES = YES;
				CLANG_WARN_SUSPICIOUS_MOVE = YES;
				CLANG_WARN_UNGUARDED_AVAILABILITY = YES_AGGRESSIVE;
				CLANG_WARN_UNREACHABLE_CODE = YES;
				CLANG_WARN__DUPLICATE_METHOD_MATCH = YES;
				COPY_PHASE_STRIP = NO;
				DEBUG_INFORMATION_FORMAT = dwarf;
				ENABLE_STRICT_OBJC_MSGSEND = YES;
				ENABLE_TESTABILITY = YES;
				GCC_C_LANGUAGE_STANDARD = gnu11;
				GCC_DYNAMIC_NO_PIC = NO;
				GCC_NO_COMMON_BLOCKS = YES;
				GCC_OPTIMIZATION_LEVEL = 0;
				GCC_PREPROCESSOR_DEFINITIONS = (
					"DEBUG=1",
					"$(inherited)",
				);
				GCC_WARN_64_TO_32_BIT_CONVERSION = YES;
				GCC_WARN_ABOUT_RETURN_TYPE = YES_ERROR;
				GCC_WARN_UNDECLARED_SELECTOR = YES;
				GCC_WARN_UNINITIALIZED_AUTOS = YES_AGGRESSIVE;
				GCC_WARN_UNUSED_FUNCTION = YES;
				GCC_WARN_UNUSED_VARIABLE = YES;
				IPHONEOS_DEPLOYMENT_TARGET = 14.4;
				MTL_ENABLE_DEBUG_INFO = INCLUDE_SOURCE;
				MTL_FAST_MATH = YES;
				ONLY_ACTIVE_ARCH = YES;
				SDKROOT = iphoneos;
				SWIFT_ACTIVE_COMPILATION_CONDITIONS = DEBUG;
				SWIFT_OPTIMIZATION_LEVEL = "-Onone";
			};
			name = Debug;
		};
		ACD0E3DE2891B376008BE1CB /* Release */ = {
			isa = XCBuildConfiguration;
			buildSettings = {
				ALWAYS_SEARCH_USER_PATHS = NO;
				CLANG_ANALYZER_NONNULL = YES;
				CLANG_ANALYZER_NUMBER_OBJECT_CONVERSION = YES_AGGRESSIVE;
				CLANG_CXX_LANGUAGE_STANDARD = "gnu++14";
				CLANG_CXX_LIBRARY = "libc++";
				CLANG_ENABLE_MODULES = YES;
				CLANG_ENABLE_OBJC_ARC = YES;
				CLANG_ENABLE_OBJC_WEAK = YES;
				CLANG_WARN_BLOCK_CAPTURE_AUTORELEASING = YES;
				CLANG_WARN_BOOL_CONVERSION = YES;
				CLANG_WARN_COMMA = YES;
				CLANG_WARN_CONSTANT_CONVERSION = YES;
				CLANG_WARN_DEPRECATED_OBJC_IMPLEMENTATIONS = YES;
				CLANG_WARN_DIRECT_OBJC_ISA_USAGE = YES_ERROR;
				CLANG_WARN_DOCUMENTATION_COMMENTS = YES;
				CLANG_WARN_EMPTY_BODY = YES;
				CLANG_WARN_ENUM_CONVERSION = YES;
				CLANG_WARN_INFINITE_RECURSION = YES;
				CLANG_WARN_INT_CONVERSION = YES;
				CLANG_WARN_NON_LITERAL_NULL_CONVERSION = YES;
				CLANG_WARN_OBJC_IMPLICIT_RETAIN_SELF = YES;
				CLANG_WARN_OBJC_LITERAL_CONVERSION = YES;
				CLANG_WARN_OBJC_ROOT_CLASS = YES_ERROR;
				CLANG_WARN_QUOTED_INCLUDE_IN_FRAMEWORK_HEADER = YES;
				CLANG_WARN_RANGE_LOOP_ANALYSIS = YES;
				CLANG_WARN_STRICT_PROTOTYPES = YES;
				CLANG_WARN_SUSPICIOUS_MOVE = YES;
				CLANG_WARN_UNGUARDED_AVAILABILITY = YES_AGGRESSIVE;
				CLANG_WARN_UNREACHABLE_CODE = YES;
				CLANG_WARN__DUPLICATE_METHOD_MATCH = YES;
				COPY_PHASE_STRIP = NO;
				DEBUG_INFORMATION_FORMAT = "dwarf-with-dsym";
				ENABLE_NS_ASSERTIONS = NO;
				ENABLE_STRICT_OBJC_MSGSEND = YES;
				GCC_C_LANGUAGE_STANDARD = gnu11;
				GCC_NO_COMMON_BLOCKS = YES;
				GCC_WARN_64_TO_32_BIT_CONVERSION = YES;
				GCC_WARN_ABOUT_RETURN_TYPE = YES_ERROR;
				GCC_WARN_UNDECLARED_SELECTOR = YES;
				GCC_WARN_UNINITIALIZED_AUTOS = YES_AGGRESSIVE;
				GCC_WARN_UNUSED_FUNCTION = YES;
				GCC_WARN_UNUSED_VARIABLE = YES;
				IPHONEOS_DEPLOYMENT_TARGET = 14.4;
				MTL_ENABLE_DEBUG_INFO = NO;
				MTL_FAST_MATH = YES;
				SDKROOT = iphoneos;
				SWIFT_COMPILATION_MODE = wholemodule;
				SWIFT_OPTIMIZATION_LEVEL = "-O";
				VALIDATE_PRODUCT = YES;
			};
			name = Release;
		};
		ACD0E3E02891B376008BE1CB /* Debug */ = {
			isa = XCBuildConfiguration;
			buildSettings = {
				ASSETCATALOG_COMPILER_APPICON_NAME = AppIcon;
				ASSETCATALOG_COMPILER_GLOBAL_ACCENT_COLOR_NAME = AccentColor;
				CODE_SIGN_STYLE = Automatic;
				DEVELOPMENT_TEAM = QF8MW7TW44;
				INFOPLIST_FILE = "R&M/Info.plist";
				LD_RUNPATH_SEARCH_PATHS = (
					"$(inherited)",
					"@executable_path/Frameworks",
				);
				PRODUCT_BUNDLE_IDENTIFIER = "Artem.Lysevych.R-M";
				PRODUCT_NAME = "$(TARGET_NAME)";
				SWIFT_VERSION = 5.0;
				TARGETED_DEVICE_FAMILY = 1;
			};
			name = Debug;
		};
		ACD0E3E12891B376008BE1CB /* Release */ = {
			isa = XCBuildConfiguration;
			buildSettings = {
				ASSETCATALOG_COMPILER_APPICON_NAME = AppIcon;
				ASSETCATALOG_COMPILER_GLOBAL_ACCENT_COLOR_NAME = AccentColor;
				CODE_SIGN_STYLE = Automatic;
				DEVELOPMENT_TEAM = QF8MW7TW44;
				INFOPLIST_FILE = "R&M/Info.plist";
				LD_RUNPATH_SEARCH_PATHS = (
					"$(inherited)",
					"@executable_path/Frameworks",
				);
				PRODUCT_BUNDLE_IDENTIFIER = "Artem.Lysevych.R-M";
				PRODUCT_NAME = "$(TARGET_NAME)";
				SWIFT_VERSION = 5.0;
				TARGETED_DEVICE_FAMILY = 1;
			};
			name = Release;
		};
/* End XCBuildConfiguration section */

/* Begin XCConfigurationList section */
		ACD0E3C62891B36C008BE1CB /* Build configuration list for PBXProject "R&M" */ = {
			isa = XCConfigurationList;
			buildConfigurations = (
				ACD0E3DD2891B376008BE1CB /* Debug */,
				ACD0E3DE2891B376008BE1CB /* Release */,
			);
			defaultConfigurationIsVisible = 0;
			defaultConfigurationName = Release;
		};
		ACD0E3DF2891B376008BE1CB /* Build configuration list for PBXNativeTarget "R&M" */ = {
			isa = XCConfigurationList;
			buildConfigurations = (
				ACD0E3E02891B376008BE1CB /* Debug */,
				ACD0E3E12891B376008BE1CB /* Release */,
			);
			defaultConfigurationIsVisible = 0;
			defaultConfigurationName = Release;
		};
/* End XCConfigurationList section */
	};
	rootObject = ACD0E3C32891B36C008BE1CB /* Project object */;
}
